
Microsoft Visual Studio Solution File, Format Version 12.00
# Visual Studio Version 17
VisualStudioVersion = 17.4.33110.190
MinimumVisualStudioVersion = 10.0.40219.1
Project("{FAE04EC0-301F-11D3-BF4B-00C04F79EFBC}") = "Day_9", "Day_9\Day_9.csproj", "{4A5543CB-8528-4B04-BB3F-C0064C865619}"
EndProject
Global
	GlobalSection(SolutionConfigurationPlatforms) = preSolution
		Debug|Any CPU = Debug|Any CPU
		Release|Any CPU = Release|Any CPU
	EndGlobalSection
	GlobalSection(ProjectConfigurationPlatforms) = postSolution
		{4A5543CB-8528-4B04-BB3F-C0064C865619}.Debug|Any CPU.ActiveCfg = Debug|Any CPU
		{4A5543CB-8528-4B04-BB3F-C0064C865619}.Debug|Any CPU.Build.0 = Debug|Any CPU
		{4A5543CB-8528-4B04-BB3F-C0064C865619}.Release|Any CPU.ActiveCfg = Release|Any CPU
		{4A5543CB-8528-4B04-BB3F-C0064C865619}.Release|Any CPU.Build.0 = Release|Any CPU
	EndGlobalSection
	GlobalSection(SolutionProperties) = preSolution
		HideSolutionNode = FALSE
	EndGlobalSection
	GlobalSection(ExtensibilityGlobals) = postSolution
		SolutionGuid = {7CCB5F44-FEDA-45C8-AA8B-6A1E26847CC7}
	EndGlobalSection
EndGlobal
